
Microsoft Visual Studio Solution File, Format Version 12.00
# Visual Studio Version 16
VisualStudioVersion = 16.0.30523.141
MinimumVisualStudioVersion = 10.0.40219.1
Project("{8BC9CEB8-8B4A-11D0-8D11-00A0C91BC942}") = "6.4", "6.4.vcxproj", "{8BA79229-7D7F-4E44-8EDF-38B6089B88CA}"
EndProject
Project("{8BC9CEB8-8B4A-11D0-8D11-00A0C91BC942}") = "UnitTest6.4", "UnitTest6.4\UnitTest6.4.vcxproj", "{39999FA4-EB13-4685-B9E2-D755017FD160}"
EndProject
Global
	GlobalSection(SolutionConfigurationPlatforms) = preSolution
		Debug|x64 = Debug|x64
		Debug|x86 = Debug|x86
		Release|x64 = Release|x64
		Release|x86 = Release|x86
	EndGlobalSection
	GlobalSection(ProjectConfigurationPlatforms) = postSolution
		{8BA79229-7D7F-4E44-8EDF-38B6089B88CA}.Debug|x64.ActiveCfg = Debug|x64
		{8BA79229-7D7F-4E44-8EDF-38B6089B88CA}.Debug|x64.Build.0 = Debug|x64
		{8BA79229-7D7F-4E44-8EDF-38B6089B88CA}.Debug|x86.ActiveCfg = Debug|Win32
		{8BA79229-7D7F-4E44-8EDF-38B6089B88CA}.Debug|x86.Build.0 = Debug|Win32
		{8BA79229-7D7F-4E44-8EDF-38B6089B88CA}.Release|x64.ActiveCfg = Release|x64
		{8BA79229-7D7F-4E44-8EDF-38B6089B88CA}.Release|x64.Build.0 = Release|x64
		{8BA79229-7D7F-4E44-8EDF-38B6089B88CA}.Release|x86.ActiveCfg = Release|Win32
		{8BA79229-7D7F-4E44-8EDF-38B6089B88CA}.Release|x86.Build.0 = Release|Win32
		{39999FA4-EB13-4685-B9E2-D755017FD160}.Debug|x64.ActiveCfg = Debug|x64
		{39999FA4-EB13-4685-B9E2-D755017FD160}.Debug|x64.Build.0 = Debug|x64
		{39999FA4-EB13-4685-B9E2-D755017FD160}.Debug|x86.ActiveCfg = Debug|Win32
		{39999FA4-EB13-4685-B9E2-D755017FD160}.Debug|x86.Build.0 = Debug|Win32
		{39999FA4-EB13-4685-B9E2-D755017FD160}.Release|x64.ActiveCfg = Release|x64
		{39999FA4-EB13-4685-B9E2-D755017FD160}.Release|x64.Build.0 = Release|x64
		{39999FA4-EB13-4685-B9E2-D755017FD160}.Release|x86.ActiveCfg = Release|Win32
		{39999FA4-EB13-4685-B9E2-D755017FD160}.Release|x86.Build.0 = Release|Win32
	EndGlobalSection
	GlobalSection(SolutionProperties) = preSolution
		HideSolutionNode = FALSE
	EndGlobalSection
	GlobalSection(ExtensibilityGlobals) = postSolution
		SolutionGuid = {CF51796E-508D-4D4E-94A2-94D438DD6400}
	EndGlobalSection
EndGlobal
